
Microsoft Visual Studio Solution File, Format Version 12.00
# Visual Studio Version 17
VisualStudioVersion = 17.12.35527.113 d17.12
MinimumVisualStudioVersion = 10.0.40219.1
Project("{FAE04EC0-301F-11D3-BF4B-00C04F79EFBC}") = "tabbed.Android", "tabbed.Android\tabbed.Android.csproj", "{F4B2F2F4-38E0-454C-A729-C7CF247F3E51}"
EndProject
Project("{FAE04EC0-301F-11D3-BF4B-00C04F79EFBC}") = "tabbed", "tabbed\tabbed.csproj", "{D33EF712-5CF6-483D-95B5-A3789B37441E}"
EndProject
Project("{2150E333-8FDC-42A3-9474-1A3956D46DE8}") = "Элементы решения", "Элементы решения", "{F304EE21-7632-43C9-9BAA-22EB2477B246}"
	ProjectSection(SolutionItems) = preProject
		StyleSheet1.css = StyleSheet1.css
	EndProjectSection
EndProject
Global
	GlobalSection(SolutionConfigurationPlatforms) = preSolution
		Debug|Any CPU = Debug|Any CPU
		Release|Any CPU = Release|Any CPU
	EndGlobalSection
	GlobalSection(ProjectConfigurationPlatforms) = postSolution
		{F4B2F2F4-38E0-454C-A729-C7CF247F3E51}.Debug|Any CPU.ActiveCfg = Debug|Any CPU
		{F4B2F2F4-38E0-454C-A729-C7CF247F3E51}.Debug|Any CPU.Build.0 = Debug|Any CPU
		{F4B2F2F4-38E0-454C-A729-C7CF247F3E51}.Debug|Any CPU.Deploy.0 = Debug|Any CPU
		{F4B2F2F4-38E0-454C-A729-C7CF247F3E51}.Release|Any CPU.ActiveCfg = Release|Any CPU
		{F4B2F2F4-38E0-454C-A729-C7CF247F3E51}.Release|Any CPU.Build.0 = Release|Any CPU
		{F4B2F2F4-38E0-454C-A729-C7CF247F3E51}.Release|Any CPU.Deploy.0 = Release|Any CPU
		{D33EF712-5CF6-483D-95B5-A3789B37441E}.Debug|Any CPU.ActiveCfg = Debug|Any CPU
		{D33EF712-5CF6-483D-95B5-A3789B37441E}.Debug|Any CPU.Build.0 = Debug|Any CPU
		{D33EF712-5CF6-483D-95B5-A3789B37441E}.Debug|Any CPU.Deploy.0 = Debug|Any CPU
		{D33EF712-5CF6-483D-95B5-A3789B37441E}.Release|Any CPU.ActiveCfg = Release|Any CPU
		{D33EF712-5CF6-483D-95B5-A3789B37441E}.Release|Any CPU.Build.0 = Release|Any CPU
		{D33EF712-5CF6-483D-95B5-A3789B37441E}.Release|Any CPU.Deploy.0 = Release|Any CPU
	EndGlobalSection
	GlobalSection(SolutionProperties) = preSolution
		HideSolutionNode = FALSE
	EndGlobalSection
EndGlobal
